Microsoft Visual Studio Solution File, Format Version 12.00
# Visual Studio Version 17
VisualStudioVersion = 17.5.2.0
MinimumVisualStudioVersion = 10.0.40219.1
Project("{2150E333-8FDC-42A3-9474-1A3956D46DE8}") = "Abstraction", "Abstraction", "{C8BF836A-9B22-DC78-821E-C52BC5E0E6B3}"
EndProject
Project("{FAE04EC0-301F-11D3-BF4B-00C04F79EFBC}") = "AbstractionDemo", "Abstraction\AbstractionDemo\AbstractionDemo.csproj", "{AD78DDA9-8FB6-675F-6446-7BF0433C53BE}"
EndProject
Project("{2150E333-8FDC-42A3-9474-1A3956D46DE8}") = "Encapsulation", "Encapsulation", "{02EA681E-C7D8-13C7-8484-4AC65E1B71E8}"
EndProject
Project("{FAE04EC0-301F-11D3-BF4B-00C04F79EFBC}") = "EncapsulationDemo", "Encapsulation\EncapsulationDemo\EncapsulationDemo.csproj", "{4532FDED-8AC3-4FAB-84A2-FCBC8044EF9C}"
EndProject
Project("{FAE04EC0-301F-11D3-BF4B-00C04F79EFBC}") = "EncapsulationAbstraction", "Encapsulation\EncapsulationAbstraction\EncapsulationAbstraction.csproj", "{2DD32E53-7711-434E-870D-E70E46574ED9}"
EndProject
Project("{2150E333-8FDC-42A3-9474-1A3956D46DE8}") = "ObjectAndConstructors", "ObjectAndConstructors", "{F0BA6FF3-5726-4B14-BE51-D2827CD9205A}"
EndProject
Project("{FAE04EC0-301F-11D3-BF4B-00C04F79EFBC}") = "ConstructorsDemo", "ObjectAndConstructors\ConstructorsDemo\ConstructorsDemo.csproj", "{7EDFD72D-BF4F-1E82-5D22-6F3B598A4442}"
EndProject
Global
	GlobalSection(SolutionConfigurationPlatforms) = preSolution
		Debug|Any CPU = Debug|Any CPU
		Release|Any CPU = Release|Any CPU
	EndGlobalSection
	GlobalSection(ProjectConfigurationPlatforms) = postSolution
		{AD78DDA9-8FB6-675F-6446-7BF0433C53BE}.Debug|Any CPU.ActiveCfg = Debug|Any CPU
		{AD78DDA9-8FB6-675F-6446-7BF0433C53BE}.Debug|Any CPU.Build.0 = Debug|Any CPU
		{AD78DDA9-8FB6-675F-6446-7BF0433C53BE}.Release|Any CPU.ActiveCfg = Release|Any CPU
		{AD78DDA9-8FB6-675F-6446-7BF0433C53BE}.Release|Any CPU.Build.0 = Release|Any CPU
		{4532FDED-8AC3-4FAB-84A2-FCBC8044EF9C}.Debug|Any CPU.ActiveCfg = Debug|Any CPU
		{4532FDED-8AC3-4FAB-84A2-FCBC8044EF9C}.Debug|Any CPU.Build.0 = Debug|Any CPU
		{4532FDED-8AC3-4FAB-84A2-FCBC8044EF9C}.Release|Any CPU.ActiveCfg = Release|Any CPU
		{4532FDED-8AC3-4FAB-84A2-FCBC8044EF9C}.Release|Any CPU.Build.0 = Release|Any CPU
		{2DD32E53-7711-434E-870D-E70E46574ED9}.Debug|Any CPU.ActiveCfg = Debug|Any CPU
		{2DD32E53-7711-434E-870D-E70E46574ED9}.Debug|Any CPU.Build.0 = Debug|Any CPU
		{2DD32E53-7711-434E-870D-E70E46574ED9}.Release|Any CPU.ActiveCfg = Release|Any CPU
		{2DD32E53-7711-434E-870D-E70E46574ED9}.Release|Any CPU.Build.0 = Release|Any CPU
		{7EDFD72D-BF4F-1E82-5D22-6F3B598A4442}.Debug|Any CPU.ActiveCfg = Debug|Any CPU
		{7EDFD72D-BF4F-1E82-5D22-6F3B598A4442}.Debug|Any CPU.Build.0 = Debug|Any CPU
		{7EDFD72D-BF4F-1E82-5D22-6F3B598A4442}.Release|Any CPU.ActiveCfg = Release|Any CPU
		{7EDFD72D-BF4F-1E82-5D22-6F3B598A4442}.Release|Any CPU.Build.0 = Release|Any CPU
	EndGlobalSection
	GlobalSection(SolutionProperties) = preSolution
		HideSolutionNode = FALSE
	EndGlobalSection
	GlobalSection(NestedProjects) = preSolution
		{AD78DDA9-8FB6-675F-6446-7BF0433C53BE} = {C8BF836A-9B22-DC78-821E-C52BC5E0E6B3}
		{4532FDED-8AC3-4FAB-84A2-FCBC8044EF9C} = {02EA681E-C7D8-13C7-8484-4AC65E1B71E8}
		{2DD32E53-7711-434E-870D-E70E46574ED9} = {02EA681E-C7D8-13C7-8484-4AC65E1B71E8}
		{7EDFD72D-BF4F-1E82-5D22-6F3B598A4442} = {F0BA6FF3-5726-4B14-BE51-D2827CD9205A}
	EndGlobalSection
	GlobalSection(ExtensibilityGlobals) = postSolution
		SolutionGuid = {09734FD2-EB12-498E-9EC6-3ED63438FC5C}
	EndGlobalSection
EndGlobal
