Microsoft Visual Studio Solution File, Format Version 12.00
# Visual Studio Version 17
VisualStudioVersion = 17.5.2.0
MinimumVisualStudioVersion = 10.0.40219.1
Project("{2150E333-8FDC-42A3-9474-1A3956D46DE8}") = "Abstraction", "Abstraction", "{C8BF836A-9B22-DC78-821E-C52BC5E0E6B3}"
EndProject
Project("{FAE04EC0-301F-11D3-BF4B-00C04F79EFBC}") = "AbstractionDemo", "Abstraction\AbstractionDemo\AbstractionDemo.csproj", "{AD78DDA9-8FB6-675F-6446-7BF0433C53BE}"
EndProject
Project("{2150E333-8FDC-42A3-9474-1A3956D46DE8}") = "Encapsulation", "Encapsulation", "{02EA681E-C7D8-13C7-8484-4AC65E1B71E8}"
EndProject
Project("{FAE04EC0-301F-11D3-BF4B-00C04F79EFBC}") = "EncapsulationDemo", "Encapsulation\EncapsulationDemo\EncapsulationDemo.csproj", "{4532FDED-8AC3-4FAB-84A2-FCBC8044EF9C}"
EndProject
Project("{FAE04EC0-301F-11D3-BF4B-00C04F79EFBC}") = "EncapsulationAbstraction", "Encapsulation\EncapsulationAbstraction\EncapsulationAbstraction.csproj", "{2DD32E53-7711-434E-870D-E70E46574ED9}"
EndProject
Project("{2150E333-8FDC-42A3-9474-1A3956D46DE8}") = "StaticClass", "StaticClass", "{B8597C37-ADB3-46FF-ACF3-6732757CC459}"
EndProject
Project("{FAE04EC0-301F-11D3-BF4B-00C04F79EFBC}") = "StaticClass", "StaticClass\StaticClass\StaticClass.csproj", "{5F7A54A5-4819-4EB1-99BA-FA9D37835C59}"
EndProject
Global
	GlobalSection(SolutionConfigurationPlatforms) = preSolution
		Debug|Any CPU = Debug|Any CPU
		Release|Any CPU = Release|Any CPU
	EndGlobalSection
	GlobalSection(ProjectConfigurationPlatforms) = postSolution
		{AD78DDA9-8FB6-675F-6446-7BF0433C53BE}.Debug|Any CPU.ActiveCfg = Debug|Any CPU
		{AD78DDA9-8FB6-675F-6446-7BF0433C53BE}.Debug|Any CPU.Build.0 = Debug|Any CPU
		{AD78DDA9-8FB6-675F-6446-7BF0433C53BE}.Release|Any CPU.ActiveCfg = Release|Any CPU
		{AD78DDA9-8FB6-675F-6446-7BF0433C53BE}.Release|Any CPU.Build.0 = Release|Any CPU
		{4532FDED-8AC3-4FAB-84A2-FCBC8044EF9C}.Debug|Any CPU.ActiveCfg = Debug|Any CPU
		{4532FDED-8AC3-4FAB-84A2-FCBC8044EF9C}.Debug|Any CPU.Build.0 = Debug|Any CPU
		{4532FDED-8AC3-4FAB-84A2-FCBC8044EF9C}.Release|Any CPU.ActiveCfg = Release|Any CPU
		{4532FDED-8AC3-4FAB-84A2-FCBC8044EF9C}.Release|Any CPU.Build.0 = Release|Any CPU
		{2DD32E53-7711-434E-870D-E70E46574ED9}.Debug|Any CPU.ActiveCfg = Debug|Any CPU
		{2DD32E53-7711-434E-870D-E70E46574ED9}.Debug|Any CPU.Build.0 = Debug|Any CPU
		{2DD32E53-7711-434E-870D-E70E46574ED9}.Release|Any CPU.ActiveCfg = Release|Any CPU
		{2DD32E53-7711-434E-870D-E70E46574ED9}.Release|Any CPU.Build.0 = Release|Any CPU
		{5F7A54A5-4819-4EB1-99BA-FA9D37835C59}.Debug|Any CPU.ActiveCfg = Debug|Any CPU
		{5F7A54A5-4819-4EB1-99BA-FA9D37835C59}.Debug|Any CPU.Build.0 = Debug|Any CPU
		{5F7A54A5-4819-4EB1-99BA-FA9D37835C59}.Release|Any CPU.ActiveCfg = Release|Any CPU
		{5F7A54A5-4819-4EB1-99BA-FA9D37835C59}.Release|Any CPU.Build.0 = Release|Any CPU
	EndGlobalSection
	GlobalSection(SolutionProperties) = preSolution
		HideSolutionNode = FALSE
	EndGlobalSection
	GlobalSection(NestedProjects) = preSolution
		{AD78DDA9-8FB6-675F-6446-7BF0433C53BE} = {C8BF836A-9B22-DC78-821E-C52BC5E0E6B3}
		{4532FDED-8AC3-4FAB-84A2-FCBC8044EF9C} = {02EA681E-C7D8-13C7-8484-4AC65E1B71E8}
		{2DD32E53-7711-434E-870D-E70E46574ED9} = {02EA681E-C7D8-13C7-8484-4AC65E1B71E8}
		{5F7A54A5-4819-4EB1-99BA-FA9D37835C59} = {B8597C37-ADB3-46FF-ACF3-6732757CC459}
	EndGlobalSection
	GlobalSection(ExtensibilityGlobals) = postSolution
		SolutionGuid = {09734FD2-EB12-498E-9EC6-3ED63438FC5C}
	EndGlobalSection
EndGlobal
